
Microsoft Visual Studio Solution File, Format Version 12.00
# Visual Studio Version 17
VisualStudioVersion = 17.13.35825.156 d17.13
MinimumVisualStudioVersion = 10.0.40219.1
Project("{FAE04EC0-301F-11D3-BF4B-00C04F79EFBC}") = "oyunKutuphanesi047", "oyunKutuphanesi047.csproj", "{93153051-DF25-4803-AE5D-E652D4014690}"
EndProject
Global
	GlobalSection(SolutionConfigurationPlatforms) = preSolution
		Debug|Any CPU = Debug|Any CPU
		Release|Any CPU = Release|Any CPU
	EndGlobalSection
	GlobalSection(ProjectConfigurationPlatforms) = postSolution
		{93153051-DF25-4803-AE5D-E652D4014690}.Debug|Any CPU.ActiveCfg = Debug|Any CPU
		{93153051-DF25-4803-AE5D-E652D4014690}.Debug|Any CPU.Build.0 = Debug|Any CPU
		{93153051-DF25-4803-AE5D-E652D4014690}.Release|Any CPU.ActiveCfg = Release|Any CPU
		{93153051-DF25-4803-AE5D-E652D4014690}.Release|Any CPU.Build.0 = Release|Any CPU
	EndGlobalSection
	GlobalSection(SolutionProperties) = preSolution
		HideSolutionNode = FALSE
	EndGlobalSection
	GlobalSection(ExtensibilityGlobals) = postSolution
		SolutionGuid = {3673CA42-2392-4B0E-A1F6-5C60F2558488}
	EndGlobalSection
EndGlobal
